// !$*UTF8*$!
{
	archiveVersion = 1;
	classes = {
	};
	objectVersion = 77;
	objects = {

/* Begin PBXContainerItemProxy section */
		2CF376FE2DE107ED0051ED6F /* PBXContainerItemProxy */ = {
			isa = PBXContainerItemProxy;
			containerPortal = 2CF376E42DE107EB0051ED6F /* Project object */;
			proxyType = 1;
			remoteGlobalIDString = 2CF376EB2DE107EB0051ED6F;
			remoteInfo = FocusTimer;
		};
		2CF377082DE107ED0051ED6F /* PBXContainerItemProxy */ = {
			isa = PBXContainerItemProxy;
			containerPortal = 2CF376E42DE107EB0051ED6F /* Project object */;
			proxyType = 1;
			remoteGlobalIDString = 2CF376EB2DE107EB0051ED6F;
			remoteInfo = FocusTimer;
		};
/* End PBXContainerItemProxy section */

/* Begin PBXFileReference section */
		2CF376EC2DE107EB0051ED6F /* FocusTimer.app */ = {isa = PBXFileReference; explicitFileType = wrapper.application; includeInIndex = 0; path = FocusTimer.app; sourceTree = BUILT_PRODUCTS_DIR; };
		2CF376FD2DE107ED0051ED6F /* FocusTimerTests.xctest */ = {isa = PBXFileReference; explicitFileType = wrapper.cfbundle; includeInIndex = 0; path = FocusTimerTests.xctest; sourceTree = BUILT_PRODUCTS_DIR; };
		2CF377072DE107ED0051ED6F /* FocusTimerUITests.xctest */ = {isa = PBXFileReference; explicitFileType = wrapper.cfbundle; includeInIndex = 0; path = FocusTimerUITests.xctest; sourceTree = BUILT_PRODUCTS_DIR; };
/* End PBXFileReference section */

/* Begin PBXFileSystemSynchronizedRootGroup section */
		2CF376EE2DE107EB0051ED6F /* FocusTimer */ = {
			isa = PBXFileSystemSynchronizedRootGroup;
			path = FocusTimer;
			sourceTree = "<group>";
		};
		2CF377002DE107ED0051ED6F /* FocusTimerTests */ = {
			isa = PBXFileSystemSynchronizedRootGroup;
			path = FocusTimerTests;
			sourceTree = "<group>";
		};
		2CF3770A2DE107ED0051ED6F /* FocusTimerUITests */ = {
			isa = PBXFileSystemSynchronizedRootGroup;
			path = FocusTimerUITests;
			sourceTree = "<group>";
		};
/* End PBXFileSystemSynchronizedRootGroup section */

/* Begin PBXFrameworksBuildPhase section */
		2CF376E92DE107EB0051ED6F /* Frameworks */ = {
			isa = PBXFrameworksBuildPhase;
			buildActionMask = 2147483647;
			files = (
			);
			runOnlyForDeploymentPostprocessing = 0;
		};
		2CF376FA2DE107ED0051ED6F /* Frameworks */ = {
			isa = PBXFrameworksBuildPhase;
			buildActionMask = 2147483647;
			files = (
			);
			runOnlyForDeploymentPostprocessing = 0;
		};
		2CF377042DE107ED0051ED6F /* Frameworks */ = {
			isa = PBXFrameworksBuildPhase;
			buildActionMask = 2147483647;
			files = (
			);
			runOnlyForDeploymentPostprocessing = 0;
		};
/* End PBXFrameworksBuildPhase section */

/* Begin PBXGroup section */
		2CF376E32DE107EB0051ED6F = {
			isa = PBXGroup;
			children = (
				2CF376EE2DE107EB0051ED6F /* FocusTimer */,
				2CF377002DE107ED0051ED6F /* FocusTimerTests */,
				2CF3770A2DE107ED0051ED6F /* FocusTimerUITests */,
				2CF376ED2DE107EB0051ED6F /* Products */,
			);
			sourceTree = "<group>";
		};
		2CF376ED2DE107EB0051ED6F /* Products */ = {
			isa = PBXGroup;
			children = (
				2CF376EC2DE107EB0051ED6F /* FocusTimer.app */,
				2CF376FD2DE107ED0051ED6F /* FocusTimerTests.xctest */,
				2CF377072DE107ED0051ED6F /* FocusTimerUITests.xctest */,
			);
			name = Products;
			sourceTree = "<group>";
		};
/* End PBXGroup section */

/* Begin PBXNativeTarget section */
		2CF376EB2DE107EB0051ED6F /* FocusTimer */ = {
			isa = PBXNativeTarget;
			buildConfigurationList = 2CF377112DE107ED0051ED6F /* Build configuration list for PBXNativeTarget "FocusTimer" */;
			buildPhases = (
				2CF376E82DE107EB0051ED6F /* Sources */,
				2CF376E92DE107EB0051ED6F /* Frameworks */,
				2CF376EA2DE107EB0051ED6F /* Resources */,
			);
			buildRules = (
			);
			dependencies = (
			);
			fileSystemSynchronizedGroups = (
				2CF376EE2DE107EB0051ED6F /* FocusTimer */,
			);
			name = FocusTimer;
			packageProductDependencies = (
			);
			productName = FocusTimer;
			productReference = 2CF376EC2DE107EB0051ED6F /* FocusTimer.app */;
			productType = "com.apple.product-type.application";
		};
		2CF376FC2DE107ED0051ED6F /* FocusTimerTests */ = {
			isa = PBXNativeTarget;
			buildConfigurationList = 2CF377142DE107ED0051ED6F /* Build configuration list for PBXNativeTarget "FocusTimerTests" */;
			buildPhases = (
				2CF376F92DE107ED0051ED6F /* Sources */,
				2CF376FA2DE107ED0051ED6F /* Frameworks */,
				2CF376FB2DE107ED0051ED6F /* Resources */,
			);
			buildRules = (
			);
			dependencies = (
				2CF376FF2DE107ED0051ED6F /* PBXTargetDependency */,
			);
			fileSystemSynchronizedGroups = (
				2CF377002DE107ED0051ED6F /* FocusTimerTests */,
			);
			name = FocusTimerTests;
			packageProductDependencies = (
			);
			productName = FocusTimerTests;
			productReference = 2CF376FD2DE107ED0051ED6F /* FocusTimerTests.xctest */;
			productType = "com.apple.product-type.bundle.unit-test";
		};
		2CF377062DE107ED0051ED6F /* FocusTimerUITests */ = {
			isa = PBXNativeTarget;
			buildConfigurationList = 2CF377172DE107ED0051ED6F /* Build configuration list for PBXNativeTarget "FocusTimerUITests" */;
			buildPhases = (
				2CF377032DE107ED0051ED6F /* Sources */,
				2CF377042DE107ED0051ED6F /* Frameworks */,
				2CF377052DE107ED0051ED6F /* Resources */,
			);
			buildRules = (
			);
			dependencies = (
				2CF377092DE107ED0051ED6F /* PBXTargetDependency */,
			);
			fileSystemSynchronizedGroups = (
				2CF3770A2DE107ED0051ED6F /* FocusTimerUITests */,
			);
			name = FocusTimerUITests;
			packageProductDependencies = (
			);
			productName = FocusTimerUITests;
			productReference = 2CF377072DE107ED0051ED6F /* FocusTimerUITests.xctest */;
			productType = "com.apple.product-type.bundle.ui-testing";
		};
/* End PBXNativeTarget section */

/* Begin PBXProject section */
		2CF376E42DE107EB0051ED6F /* Project object */ = {
			isa = PBXProject;
			attributes = {
				BuildIndependentTargetsInParallel = 1;
				LastSwiftUpdateCheck = 1630;
				LastUpgradeCheck = 1630;
				TargetAttributes = {
					2CF376EB2DE107EB0051ED6F = {
						CreatedOnToolsVersion = 16.3;
					};
					2CF376FC2DE107ED0051ED6F = {
						CreatedOnToolsVersion = 16.3;
						TestTargetID = 2CF376EB2DE107EB0051ED6F;
					};
					2CF377062DE107ED0051ED6F = {
						CreatedOnToolsVersion = 16.3;
						TestTargetID = 2CF376EB2DE107EB0051ED6F;
					};
				};
			};
			buildConfigurationList = 2CF376E72DE107EB0051ED6F /* Build configuration list for PBXProject "FocusTimer" */;
			developmentRegion = en;
			hasScannedForEncodings = 0;
			knownRegions = (
				en,
				Base,
			);
			mainGroup = 2CF376E32DE107EB0051ED6F;
			minimizedProjectReferenceProxies = 1;
			preferredProjectObjectVersion = 77;
			productRefGroup = 2CF376ED2DE107EB0051ED6F /* Products */;
			projectDirPath = "";
			projectRoot = "";
			targets = (
				2CF376EB2DE107EB0051ED6F /* FocusTimer */,
				2CF376FC2DE107ED0051ED6F /* FocusTimerTests */,
				2CF377062DE107ED0051ED6F /* FocusTimerUITests */,
			);
		};
/* End PBXProject section */

/* Begin PBXResourcesBuildPhase section */
		2CF376EA2DE107EB0051ED6F /* Resources */ = {
			isa = PBXResourcesBuildPhase;
			buildActionMask = 2147483647;
			files = (
			);
			runOnlyForDeploymentPostprocessing = 0;
		};
		2CF376FB2DE107ED0051ED6F /* Resources */ = {
			isa = PBXResourcesBuildPhase;
			buildActionMask = 2147483647;
			files = (
			);
			runOnlyForDeploymentPostprocessing = 0;
		};
		2CF377052DE107ED0051ED6F /* Resources */ = {
			isa = PBXResourcesBuildPhase;
			buildActionMask = 2147483647;
			files = (
			);
			runOnlyForDeploymentPostprocessing = 0;
		};
/* End PBXResourcesBuildPhase section */

/* Begin PBXSourcesBuildPhase section */
		2CF376E82DE107EB0051ED6F /* Sources */ = {
			isa = PBXSourcesBuildPhase;
			buildActionMask = 2147483647;
			files = (
			);
			runOnlyForDeploymentPostprocessing = 0;
		};
		2CF376F92DE107ED0051ED6F /* Sources */ = {
			isa = PBXSourcesBuildPhase;
			buildActionMask = 2147483647;
			files = (
			);
			runOnlyForDeploymentPostprocessing = 0;
		};
		2CF377032DE107ED0051ED6F /* Sources */ = {
			isa = PBXSourcesBuildPhase;
			buildActionMask = 2147483647;
			files = (
			);
			runOnlyForDeploymentPostprocessing = 0;
		};
/* End PBXSourcesBuildPhase section */

/* Begin PBXTargetDependency section */
		2CF376FF2DE107ED0051ED6F /* PBXTargetDependency */ = {
			isa = PBXTargetDependency;
			target = 2CF376EB2DE107EB0051ED6F /* FocusTimer */;
			targetProxy = 2CF376FE2DE107ED0051ED6F /* PBXContainerItemProxy */;
		};
		2CF377092DE107ED0051ED6F /* PBXTargetDependency */ = {
			isa = PBXTargetDependency;
			target = 2CF376EB2DE107EB0051ED6F /* FocusTimer */;
			targetProxy = 2CF377082DE107ED0051ED6F /* PBXContainerItemProxy */;
		};
/* End PBXTargetDependency section */

/* Begin XCBuildConfiguration section */
		2CF3770F2DE107ED0051ED6F /* Debug */ = {
			isa = XCBuildConfiguration;
			buildSettings = {
				ALWAYS_SEARCH_USER_PATHS = NO;
				ASSETCATALOG_COMPILER_GENERATE_SWIFT_ASSET_SYMBOL_EXTENSIONS = YES;
				CLANG_ANALYZER_NONNULL = YES;
				CLANG_ANALYZER_NUMBER_OBJECT_CONVERSION = YES_AGGRESSIVE;
				CLANG_CXX_LANGUAGE_STANDARD = "gnu++20";
				CLANG_ENABLE_MODULES = YES;
				CLANG_ENABLE_OBJC_ARC = YES;
				CLANG_ENABLE_OBJC_WEAK = YES;
				CLANG_WARN_BLOCK_CAPTURE_AUTORELEASING = YES;
				CLANG_WARN_BOOL_CONVERSION = YES;
				CLANG_WARN_COMMA = YES;
				CLANG_WARN_CONSTANT_CONVERSION = YES;
				CLANG_WARN_DEPRECATED_OBJC_IMPLEMENTATIONS = YES;
				CLANG_WARN_DIRECT_OBJC_ISA_USAGE = YES_ERROR;
				CLANG_WARN_DOCUMENTATION_COMMENTS = YES;
				CLANG_WARN_EMPTY_BODY = YES;
				CLANG_WARN_ENUM_CONVERSION = YES;
				CLANG_WARN_INFINITE_RECURSION = YES;
				CLANG_WARN_INT_CONVERSION = YES;
				CLANG_WARN_NON_LITERAL_NULL_CONVERSION = YES;
				CLANG_WARN_OBJC_IMPLICIT_RETAIN_SELF = YES;
				CLANG_WARN_OBJC_LITERAL_CONVERSION = YES;
				CLANG_WARN_OBJC_ROOT_CLASS = YES_ERROR;
				CLANG_WARN_QUOTED_INCLUDE_IN_FRAMEWORK_HEADER = YES;
				CLANG_WARN_RANGE_LOOP_ANALYSIS = YES;
				CLANG_WARN_STRICT_PROTOTYPES = YES;
				CLANG_WARN_SUSPICIOUS_MOVE = YES;
				CLANG_WARN_UNGUARDED_AVAILABILITY = YES_AGGRESSIVE;
				CLANG_WARN_UNREACHABLE_CODE = YES;
				CLANG_WARN__DUPLICATE_METHOD_MATCH = YES;
				COPY_PHASE_STRIP = NO;
				DEBUG_INFORMATION_FORMAT = dwarf;
				DEVELOPMENT_TEAM = DK43Z473LM;
				ENABLE_STRICT_OBJC_MSGSEND = YES;
				ENABLE_TESTABILITY = YES;
				ENABLE_USER_SCRIPT_SANDBOXING = YES;
				GCC_C_LANGUAGE_STANDARD = gnu17;
				GCC_DYNAMIC_NO_PIC = NO;
				GCC_NO_COMMON_BLOCKS = YES;
				GCC_OPTIMIZATION_LEVEL = 0;
				GCC_PREPROCESSOR_DEFINITIONS = (
					"DEBUG=1",
					"$(inherited)",
				);
				GCC_WARN_64_TO_32_BIT_CONVERSION = YES;
				GCC_WARN_ABOUT_RETURN_TYPE = YES_ERROR;
				GCC_WARN_UNDECLARED_SELECTOR = YES;
				GCC_WARN_UNINITIALIZED_AUTOS = YES_AGGRESSIVE;
				GCC_WARN_UNUSED_FUNCTION = YES;
				GCC_WARN_UNUSED_VARIABLE = YES;
				LOCALIZATION_PREFERS_STRING_CATALOGS = YES;
				MACOSX_DEPLOYMENT_TARGET = 15.4;
				MTL_ENABLE_DEBUG_INFO = INCLUDE_SOURCE;
				MTL_FAST_MATH = YES;
				ONLY_ACTIVE_ARCH = YES;
				SDKROOT = macosx;
				SWIFT_ACTIVE_COMPILATION_CONDITIONS = "DEBUG $(inherited)";
				SWIFT_OPTIMIZATION_LEVEL = "-Onone";
			};
			name = Debug;
		};
		2CF377102DE107ED0051ED6F /* Release */ = {
			isa = XCBuildConfiguration;
			buildSettings = {
				ALWAYS_SEARCH_USER_PATHS = NO;
				ASSETCATALOG_COMPILER_GENERATE_SWIFT_ASSET_SYMBOL_EXTENSIONS = YES;
				CLANG_ANALYZER_NONNULL = YES;
				CLANG_ANALYZER_NUMBER_OBJECT_CONVERSION = YES_AGGRESSIVE;
				CLANG_CXX_LANGUAGE_STANDARD = "gnu++20";
				CLANG_ENABLE_MODULES = YES;
				CLANG_ENABLE_OBJC_ARC = YES;
				CLANG_ENABLE_OBJC_WEAK = YES;
				CLANG_WARN_BLOCK_CAPTURE_AUTORELEASING = YES;
				CLANG_WARN_BOOL_CONVERSION = YES;
				CLANG_WARN_COMMA = YES;
				CLANG_WARN_CONSTANT_CONVERSION = YES;
				CLANG_WARN_DEPRECATED_OBJC_IMPLEMENTATIONS = YES;
				CLANG_WARN_DIRECT_OBJC_ISA_USAGE = YES_ERROR;
				CLANG_WARN_DOCUMENTATION_COMMENTS = YES;
				CLANG_WARN_EMPTY_BODY = YES;
				CLANG_WARN_ENUM_CONVERSION = YES;
				CLANG_WARN_INFINITE_RECURSION = YES;
				CLANG_WARN_INT_CONVERSION = YES;
				CLANG_WARN_NON_LITERAL_NULL_CONVERSION = YES;
				CLANG_WARN_OBJC_IMPLICIT_RETAIN_SELF = YES;
				CLANG_WARN_OBJC_LITERAL_CONVERSION = YES;
				CLANG_WARN_OBJC_ROOT_CLASS = YES_ERROR;
				CLANG_WARN_QUOTED_INCLUDE_IN_FRAMEWORK_HEADER = YES;
				CLANG_WARN_RANGE_LOOP_ANALYSIS = YES;
				CLANG_WARN_STRICT_PROTOTYPES = YES;
				CLANG_WARN_SUSPICIOUS_MOVE = YES;
				CLANG_WARN_UNGUARDED_AVAILABILITY = YES_AGGRESSIVE;
				CLANG_WARN_UNREACHABLE_CODE = YES;
				CLANG_WARN__DUPLICATE_METHOD_MATCH = YES;
				COPY_PHASE_STRIP = NO;
				DEBUG_INFORMATION_FORMAT = "dwarf-with-dsym";
				DEVELOPMENT_TEAM = DK43Z473LM;
				ENABLE_NS_ASSERTIONS = NO;
				ENABLE_STRICT_OBJC_MSGSEND = YES;
				ENABLE_USER_SCRIPT_SANDBOXING = YES;
				GCC_C_LANGUAGE_STANDARD = gnu17;
				GCC_NO_COMMON_BLOCKS = YES;
				GCC_WARN_64_TO_32_BIT_CONVERSION = YES;
				GCC_WARN_ABOUT_RETURN_TYPE = YES_ERROR;
				GCC_WARN_UNDECLARED_SELECTOR = YES;
				GCC_WARN_UNINITIALIZED_AUTOS = YES_AGGRESSIVE;
				GCC_WARN_UNUSED_FUNCTION = YES;
				GCC_WARN_UNUSED_VARIABLE = YES;
				LOCALIZATION_PREFERS_STRING_CATALOGS = YES;
				MACOSX_DEPLOYMENT_TARGET = 15.4;
				MTL_ENABLE_DEBUG_INFO = NO;
				MTL_FAST_MATH = YES;
				SDKROOT = macosx;
				SWIFT_COMPILATION_MODE = wholemodule;
			};
			name = Release;
		};
		2CF377122DE107ED0051ED6F /* Debug */ = {
			isa = XCBuildConfiguration;
			buildSettings = {
				ASSETCATALOG_COMPILER_APPICON_NAME = AppIcon;
				ASSETCATALOG_COMPILER_GLOBAL_ACCENT_COLOR_NAME = AccentColor;
				CODE_SIGN_ENTITLEMENTS = FocusTimer/FocusTimer.entitlements;
				CODE_SIGN_STYLE = Automatic;
				COMBINE_HIDPI_IMAGES = YES;
				CURRENT_PROJECT_VERSION = 1;
				DEVELOPMENT_TEAM = DK43Z473LM;
				ENABLE_HARDENED_RUNTIME = YES;
				GENERATE_INFOPLIST_FILE = YES;
				INFOPLIST_KEY_NSHumanReadableCopyright = "";
				INFOPLIST_KEY_NSMainStoryboardFile = Main;
				INFOPLIST_KEY_NSPrincipalClass = NSApplication;
				LD_RUNPATH_SEARCH_PATHS = (
					"$(inherited)",
					"@executable_path/../Frameworks",
				);
				MARKETING_VERSION = 1.0;
				PRODUCT_BUNDLE_IDENTIFIER = info.marcusvinicius.FocusTimer;
				PRODUCT_NAME = "$(TARGET_NAME)";
				REGISTER_APP_GROUPS = YES;
				SWIFT_EMIT_LOC_STRINGS = YES;
				SWIFT_VERSION = 5.0;
			};
			name = Debug;
		};
		2CF377132DE107ED0051ED6F /* Release */ = {
			isa = XCBuildConfiguration;
			buildSettings = {
				ASSETCATALOG_COMPILER_APPICON_NAME = AppIcon;
				ASSETCATALOG_COMPILER_GLOBAL_ACCENT_COLOR_NAME = AccentColor;
				CODE_SIGN_ENTITLEMENTS = FocusTimer/FocusTimer.entitlements;
				CODE_SIGN_STYLE = Automatic;
				COMBINE_HIDPI_IMAGES = YES;
				CURRENT_PROJECT_VERSION = 1;
				DEVELOPMENT_TEAM = DK43Z473LM;
				ENABLE_HARDENED_RUNTIME = YES;
				GENERATE_INFOPLIST_FILE = YES;
				INFOPLIST_KEY_NSHumanReadableCopyright = "";
				INFOPLIST_KEY_NSMainStoryboardFile = Main;
				INFOPLIST_KEY_NSPrincipalClass = NSApplication;
				LD_RUNPATH_SEARCH_PATHS = (
					"$(inherited)",
					"@executable_path/../Frameworks",
				);
				MARKETING_VERSION = 1.0;
				PRODUCT_BUNDLE_IDENTIFIER = info.marcusvinicius.FocusTimer;
				PRODUCT_NAME = "$(TARGET_NAME)";
				REGISTER_APP_GROUPS = YES;
				SWIFT_EMIT_LOC_STRINGS = YES;
				SWIFT_VERSION = 5.0;
			};
			name = Release;
		};
		2CF377152DE107ED0051ED6F /* Debug */ = {
			isa = XCBuildConfiguration;
			buildSettings = {
				BUNDLE_LOADER = "$(TEST_HOST)";
				CODE_SIGN_STYLE = Automatic;
				CURRENT_PROJECT_VERSION = 1;
				DEVELOPMENT_TEAM = DK43Z473LM;
				GENERATE_INFOPLIST_FILE = YES;
				MACOSX_DEPLOYMENT_TARGET = 15.4;
				MARKETING_VERSION = 1.0;
				PRODUCT_BUNDLE_IDENTIFIER = info.marcusvinicius.FocusTimerTests;
				PRODUCT_NAME = "$(TARGET_NAME)";
				SWIFT_EMIT_LOC_STRINGS = NO;
				SWIFT_VERSION = 5.0;
				TEST_HOST = "$(BUILT_PRODUCTS_DIR)/FocusTimer.app/$(BUNDLE_EXECUTABLE_FOLDER_PATH)/FocusTimer";
			};
			name = Debug;
		};
		2CF377162DE107ED0051ED6F /* Release */ = {
			isa = XCBuildConfiguration;
			buildSettings = {
				BUNDLE_LOADER = "$(TEST_HOST)";
				CODE_SIGN_STYLE = Automatic;
				CURRENT_PROJECT_VERSION = 1;
				DEVELOPMENT_TEAM = DK43Z473LM;
				GENERATE_INFOPLIST_FILE = YES;
				MACOSX_DEPLOYMENT_TARGET = 15.4;
				MARKETING_VERSION = 1.0;
				PRODUCT_BUNDLE_IDENTIFIER = info.marcusvinicius.FocusTimerTests;
				PRODUCT_NAME = "$(TARGET_NAME)";
				SWIFT_EMIT_LOC_STRINGS = NO;
				SWIFT_VERSION = 5.0;
				TEST_HOST = "$(BUILT_PRODUCTS_DIR)/FocusTimer.app/$(BUNDLE_EXECUTABLE_FOLDER_PATH)/FocusTimer";
			};
			name = Release;
		};
		2CF377182DE107ED0051ED6F /* Debug */ = {
			isa = XCBuildConfiguration;
			buildSettings = {
				CODE_SIGN_STYLE = Automatic;
				CURRENT_PROJECT_VERSION = 1;
				DEVELOPMENT_TEAM = DK43Z473LM;
				GENERATE_INFOPLIST_FILE = YES;
				MARKETING_VERSION = 1.0;
				PRODUCT_BUNDLE_IDENTIFIER = info.marcusvinicius.FocusTimerUITests;
				PRODUCT_NAME = "$(TARGET_NAME)";
				SWIFT_EMIT_LOC_STRINGS = NO;
				SWIFT_VERSION = 5.0;
				TEST_TARGET_NAME = FocusTimer;
			};
			name = Debug;
		};
		2CF377192DE107ED0051ED6F /* Release */ = {
			isa = XCBuildConfiguration;
			buildSettings = {
				CODE_SIGN_STYLE = Automatic;
				CURRENT_PROJECT_VERSION = 1;
				DEVELOPMENT_TEAM = DK43Z473LM;
				GENERATE_INFOPLIST_FILE = YES;
				MARKETING_VERSION = 1.0;
				PRODUCT_BUNDLE_IDENTIFIER = info.marcusvinicius.FocusTimerUITests;
				PRODUCT_NAME = "$(TARGET_NAME)";
				SWIFT_EMIT_LOC_STRINGS = NO;
				SWIFT_VERSION = 5.0;
				TEST_TARGET_NAME = FocusTimer;
			};
			name = Release;
		};
/* End XCBuildConfiguration section */

/* Begin XCConfigurationList section */
		2CF376E72DE107EB0051ED6F /* Build configuration list for PBXProject "FocusTimer" */ = {
			isa = XCConfigurationList;
			buildConfigurations = (
				2CF3770F2DE107ED0051ED6F /* Debug */,
				2CF377102DE107ED0051ED6F /* Release */,
			);
			defaultConfigurationIsVisible = 0;
			defaultConfigurationName = Release;
		};
		2CF377112DE107ED0051ED6F /* Build configuration list for PBXNativeTarget "FocusTimer" */ = {
			isa = XCConfigurationList;
			buildConfigurations = (
				2CF377122DE107ED0051ED6F /* Debug */,
				2CF377132DE107ED0051ED6F /* Release */,
			);
			defaultConfigurationIsVisible = 0;
			defaultConfigurationName = Release;
		};
		2CF377142DE107ED0051ED6F /* Build configuration list for PBXNativeTarget "FocusTimerTests" */ = {
			isa = XCConfigurationList;
			buildConfigurations = (
				2CF377152DE107ED0051ED6F /* Debug */,
				2CF377162DE107ED0051ED6F /* Release */,
			);
			defaultConfigurationIsVisible = 0;
			defaultConfigurationName = Release;
		};
		2CF377172DE107ED0051ED6F /* Build configuration list for PBXNativeTarget "FocusTimerUITests" */ = {
			isa = XCConfigurationList;
			buildConfigurations = (
				2CF377182DE107ED0051ED6F /* Debug */,
				2CF377192DE107ED0051ED6F /* Release */,
			);
			defaultConfigurationIsVisible = 0;
			defaultConfigurationName = Release;
		};
/* End XCConfigurationList section */
	};
	rootObject = 2CF376E42DE107EB0051ED6F /* Project object */;
}
